<?xml version="1.0" encoding="utf-8"?>
<Project ToolsVersion="4.0" xmlns="http://schemas.microsoft.com/developer/msbuild/2003">
  <ItemGroup>
    <ClCompile Include="WinMain.cpp" />
    <ClCompile Include="GameMain.cpp" />
    <ClCompile Include="DeviceResources.cpp">
      <Filter>Graphics</Filter>
    </ClCompile>
    <ClCompile Include="CoreRenderPipeline.cpp">
      <Filter>Graphics</Filter>
    </ClCompile>
    <ClCompile Include="Camera.cpp">
      <Filter>Graphics</Filter>
    </ClCompile>
    <ClCompile Include="GameTimer.cpp">
      <Filter>Ultilities\ThirdParty</Filter>
    </ClCompile>
    <ClCompile Include="tiny_obj_loader.cpp">
      <Filter>Ultilities\ThirdParty</Filter>
    </ClCompile>
    <ClCompile Include="ModelLoader.cpp">
      <Filter>Ultilities</Filter>
    </ClCompile>
    <ClCompile Include="Material.cpp">
      <Filter>Graphics\Materials</Filter>
    </ClCompile>
    <ClCompile Include="Mesh.cpp">
      <Filter>Graphics\Meshes</Filter>
    </ClCompile>
    <ClCompile Include="QuadMesh.cpp">
      <Filter>Graphics\Meshes</Filter>
    </ClCompile>
    <ClCompile Include="ShaderCache.cpp">
      <Filter>Graphics\Materials</Filter>
    </ClCompile>
    <ClCompile Include="GameObject.cpp">
      <Filter>GameObject</Filter>
    </ClCompile>
    <ClCompile Include="Scene.cpp">
      <Filter>GameObject</Filter>
    </ClCompile>
    <ClCompile Include="Transform.cpp">
      <Filter>GameObject</Filter>
    </ClCompile>
    <ClCompile Include="Input.cpp">
      <Filter>Input</Filter>
    </ClCompile>
    <ClCompile Include="ObjectRenderer.cpp">
      <Filter>Graphics</Filter>
    </ClCompile>
    <ClCompile Include="FileIO.cpp">
      <Filter>Ultilities</Filter>
    </ClCompile>
    <ClCompile Include="Texture2D.cpp">
      <Filter>Graphics</Filter>
    </ClCompile>
    <ClCompile Include="imgui.cpp">
      <Filter>GUI\IMGUI</Filter>
    </ClCompile>
    <ClCompile Include="imgui_demo.cpp">
      <Filter>GUI\IMGUI</Filter>
    </ClCompile>
    <ClCompile Include="imgui_draw.cpp">
      <Filter>GUI\IMGUI</Filter>
    </ClCompile>
    <ClCompile Include="imgui_impl_dx11.cpp">
      <Filter>GUI\IMGUI</Filter>
    </ClCompile>
    <ClCompile Include="imgui_impl_win32.cpp">
      <Filter>GUI\IMGUI</Filter>
    </ClCompile>
    <ClCompile Include="imgui_tables.cpp">
      <Filter>GUI\IMGUI</Filter>
    </ClCompile>
    <ClCompile Include="imgui_widgets.cpp">
      <Filter>GUI\IMGUI</Filter>
    </ClCompile>
    <ClCompile Include="ViewPoint.cpp">
      <Filter>Graphics</Filter>
    </ClCompile>
    <ClCompile Include="RenderPass.cpp">
      <Filter>Graphics\Passes</Filter>
    </ClCompile>
    <ClCompile Include="SimpleForwardPass.cpp">
      <Filter>Graphics\Passes</Filter>
    </ClCompile>
    <ClCompile Include="PostProcessingPass.cpp">
      <Filter>Graphics\Passes</Filter>
    </ClCompile>
    <ClCompile Include="ShadowPass.cpp">
      <Filter>Graphics\Passes</Filter>
    </ClCompile>
    <ClCompile Include="AABB.cpp">
      <Filter>Ultilities</Filter>
    </ClCompile>
  </ItemGroup>
  <ItemGroup>
    <ClInclude Include="GameMain.h" />
    <ClInclude Include="pch.h" />
    <ClInclude Include="DeviceResources.h">
      <Filter>Graphics</Filter>
    </ClInclude>
    <ClInclude Include="PixelShader.h">
      <Filter>Graphics\Bindables</Filter>
    </ClInclude>
    <ClInclude Include="Shaders.h">
      <Filter>Graphics\Bindables</Filter>
    </ClInclude>
    <ClInclude Include="VertexBuffer.h">
      <Filter>Graphics\Bindables</Filter>
    </ClInclude>
    <ClInclude Include="VertexShader.h">
      <Filter>Graphics\Bindables</Filter>
    </ClInclude>
    <ClInclude Include="Bindable.h">
      <Filter>Graphics\Bindables</Filter>
    </ClInclude>
    <ClInclude Include="ConstantBuffer.h">
      <Filter>Graphics\Bindables</Filter>
    </ClInclude>
    <ClInclude Include="CoreRenderPipeline.h">
      <Filter>Graphics</Filter>
    </ClInclude>
    <ClInclude Include="Camera.h">
      <Filter>Graphics</Filter>
    </ClInclude>
    <ClInclude Include="GameTimer.h">
      <Filter>Ultilities\ThirdParty</Filter>
    </ClInclude>
    <ClInclude Include="tiny_obj_loader.h">
      <Filter>Ultilities\ThirdParty</Filter>
    </ClInclude>
    <ClInclude Include="ModelLoader.h">
      <Filter>Ultilities</Filter>
    </ClInclude>
    <ClInclude Include="Material.h">
      <Filter>Graphics\Materials</Filter>
    </ClInclude>
    <ClInclude Include="Mesh.h">
      <Filter>Graphics\Meshes</Filter>
    </ClInclude>
    <ClInclude Include="QuadMesh.h">
      <Filter>Graphics\Meshes</Filter>
    </ClInclude>
    <ClInclude Include="ShaderCache.h">
      <Filter>Graphics\Materials</Filter>
    </ClInclude>
    <ClInclude Include="Vertices.h">
      <Filter>Graphics\Structures</Filter>
    </ClInclude>
    <ClInclude Include="GameObject.h">
      <Filter>GameObject</Filter>
    </ClInclude>
    <ClInclude Include="Scene.h">
      <Filter>GameObject</Filter>
    </ClInclude>
    <ClInclude Include="Transform.h">
      <Filter>GameObject</Filter>
    </ClInclude>
    <ClInclude Include="Input.h">
      <Filter>Input</Filter>
    </ClInclude>
    <ClInclude Include="ShadingAttributes.h">
      <Filter>Graphics\Structures</Filter>
    </ClInclude>
    <ClInclude Include="ObjectRenderer.h">
      <Filter>Graphics</Filter>
    </ClInclude>
    <ClInclude Include="FileIO.h">
      <Filter>Ultilities</Filter>
    </ClInclude>
    <ClInclude Include="Texture2D.h">
      <Filter>Graphics</Filter>
    </ClInclude>
    <ClInclude Include="SamplerState.h">
      <Filter>Graphics\Bindables</Filter>
    </ClInclude>
    <ClInclude Include="imconfig.h">
      <Filter>GUI\IMGUI</Filter>
    </ClInclude>
    <ClInclude Include="imgui.h">
      <Filter>GUI\IMGUI</Filter>
    </ClInclude>
    <ClInclude Include="imgui_impl_dx11.h">
      <Filter>GUI\IMGUI</Filter>
    </ClInclude>
    <ClInclude Include="imgui_impl_win32.h">
      <Filter>GUI\IMGUI</Filter>
    </ClInclude>
    <ClInclude Include="imgui_internal.h">
      <Filter>GUI\IMGUI</Filter>
    </ClInclude>
    <ClInclude Include="imstb_rectpack.h">
      <Filter>GUI\IMGUI</Filter>
    </ClInclude>
    <ClInclude Include="imstb_textedit.h">
      <Filter>GUI\IMGUI</Filter>
    </ClInclude>
    <ClInclude Include="imstb_truetype.h">
      <Filter>GUI\IMGUI</Filter>
    </ClInclude>
    <ClInclude Include="ShadowMap.h">
      <Filter>Graphics</Filter>
    </ClInclude>
    <ClInclude Include="ViewPoint.h">
      <Filter>Graphics</Filter>
    </ClInclude>
    <ClInclude Include="GraphicResources.h">
      <Filter>Graphics</Filter>
    </ClInclude>
    <ClInclude Include="GeothermalTypes.h">
      <Filter>Ultilities</Filter>
    </ClInclude>
    <ClInclude Include="RenderPass.h">
      <Filter>Graphics\Passes</Filter>
    </ClInclude>
    <ClInclude Include="SimpleForwardPass.h">
      <Filter>Graphics\Passes</Filter>
    </ClInclude>
    <ClInclude Include="PostProcessingPass.h">
      <Filter>Graphics\Passes</Filter>
    </ClInclude>
    <ClInclude Include="RenderPasses.h">
      <Filter>Graphics\Passes</Filter>
    </ClInclude>
    <ClInclude Include="ShadowPass.h">
      <Filter>Graphics\Passes</Filter>
    </ClInclude>
    <ClInclude Include="AABB.h">
      <Filter>Ultilities</Filter>
    </ClInclude>
  </ItemGroup>
  <ItemGroup>
    <Filter Include="Graphics">
      <UniqueIdentifier>{23b1871e-4c89-41d3-b47d-09f8beb902d8}</UniqueIdentifier>
    </Filter>
    <Filter Include="Graphics\Bindables">
      <UniqueIdentifier>{a1653fde-9c50-4466-b982-4b33093d9a0f}</UniqueIdentifier>
    </Filter>
    <Filter Include="Ultilities">
      <UniqueIdentifier>{3721caf1-a536-4e3a-8a2b-349548211206}</UniqueIdentifier>
    </Filter>
    <Filter Include="Graphics\Meshes">
      <UniqueIdentifier>{d4d2dcf9-59e4-4efa-b5fd-9500f4b7199f}</UniqueIdentifier>
    </Filter>
    <Filter Include="Graphics\Structures">
      <UniqueIdentifier>{9463b17f-24f5-4275-a2ce-219906e86dba}</UniqueIdentifier>
    </Filter>
    <Filter Include="Graphics\Materials">
      <UniqueIdentifier>{61045a0a-de9a-4723-868c-0d334cbcaa0d}</UniqueIdentifier>
    </Filter>
    <Filter Include="Shaders">
      <UniqueIdentifier>{154189fc-b565-4e7b-bfea-ee3e8d808407}</UniqueIdentifier>
    </Filter>
    <Filter Include="GameObject">
      <UniqueIdentifier>{c13eea96-1217-422f-b3f4-d09148fd8dbb}</UniqueIdentifier>
    </Filter>
    <Filter Include="Ultilities\ThirdParty">
      <UniqueIdentifier>{7aeddbdd-178f-44f7-883c-ebbcc3c8733b}</UniqueIdentifier>
    </Filter>
    <Filter Include="Input">
      <UniqueIdentifier>{0770a173-4491-40f1-b72a-d540822a660e}</UniqueIdentifier>
    </Filter>
    <Filter Include="GUI">
      <UniqueIdentifier>{544a44fc-cb31-4173-9653-1006624b55d1}</UniqueIdentifier>
    </Filter>
    <Filter Include="GUI\IMGUI">
      <UniqueIdentifier>{dafc21e0-dadb-4fb2-b7e7-41585c5600cc}</UniqueIdentifier>
    </Filter>
    <Filter Include="Graphics\Passes">
      <UniqueIdentifier>{c6028261-460b-4209-8ae2-047b64dd27ac}</UniqueIdentifier>
    </Filter>
  </ItemGroup>
  <ItemGroup>
    <FxCompile Include="Unlit.hlsl">
      <Filter>Shaders</Filter>
    </FxCompile>
    <FxCompile Include="LitVertexShader.hlsl">
      <Filter>Shaders</Filter>
    </FxCompile>
    <FxCompile Include="ForwardLit.hlsl">
      <Filter>Shaders</Filter>
    </FxCompile>
    <FxCompile Include="ColoredVertexShader.hlsl">
      <Filter>Shaders</Filter>
    </FxCompile>
  </ItemGroup>
  <ItemGroup>
    <None Include="Common.hlsli">
      <Filter>Shaders</Filter>
    </None>
    <None Include="packages.config" />
    <None Include="imgui.ini" />
    <None Include="Lighting.hlsli">
      <Filter>Shaders</Filter>
    </None>
    <None Include="SlotConfig.hlsli">
      <Filter>Shaders</Filter>
    </None>
  </ItemGroup>
  <ItemGroup>
    <Text Include="imgui_LICENSE.txt">
      <Filter>GUI\IMGUI</Filter>
    </Text>
  </ItemGroup>
</Project>